
Microsoft Visual Studio Solution File, Format Version 12.00
# Visual Studio 15
VisualStudioVersion = 15.0.28307.421
MinimumVisualStudioVersion = 10.0.40219.1
Project("{FAE04EC0-301F-11D3-BF4B-00C04F79EFBC}") = "BowlingGameKata", "BowlingGameKata\BowlingGameKata.csproj", "{4BD62B3D-FA33-4392-9154-19879079348B}"
EndProject
Project("{FAE04EC0-301F-11D3-BF4B-00C04F79EFBC}") = "BowlingGameKataTests", "BowlingGameKataTests\BowlingGameKataTests.csproj", "{A4F817E1-24A0-47C6-9627-2A464000881B}"
EndProject
Global
	GlobalSection(SolutionConfigurationPlatforms) = preSolution
		Debug|Any CPU = Debug|Any CPU
		Release|Any CPU = Release|Any CPU
	EndGlobalSection
	GlobalSection(ProjectConfigurationPlatforms) = postSolution
		{4BD62B3D-FA33-4392-9154-19879079348B}.Debug|Any CPU.ActiveCfg = Debug|Any CPU
		{4BD62B3D-FA33-4392-9154-19879079348B}.Debug|Any CPU.Build.0 = Debug|Any CPU
		{4BD62B3D-FA33-4392-9154-19879079348B}.Release|Any CPU.ActiveCfg = Release|Any CPU
		{4BD62B3D-FA33-4392-9154-19879079348B}.Release|Any CPU.Build.0 = Release|Any CPU
		{A4F817E1-24A0-47C6-9627-2A464000881B}.Debug|Any CPU.ActiveCfg = Debug|Any CPU
		{A4F817E1-24A0-47C6-9627-2A464000881B}.Debug|Any CPU.Build.0 = Debug|Any CPU
		{A4F817E1-24A0-47C6-9627-2A464000881B}.Release|Any CPU.ActiveCfg = Release|Any CPU
		{A4F817E1-24A0-47C6-9627-2A464000881B}.Release|Any CPU.Build.0 = Release|Any CPU
	EndGlobalSection
	GlobalSection(SolutionProperties) = preSolution
		HideSolutionNode = FALSE
	EndGlobalSection
	GlobalSection(ExtensibilityGlobals) = postSolution
		SolutionGuid = {CDF4B449-0C56-4CB9-B317-B333A6276959}
	EndGlobalSection
EndGlobal
